{
  "name": "mouseai-supabase-mcp",
  "version": "1.0.0",
  "lockfileVersion": 3,
  "requires": true,
  "packages": {
    "": {
      "name": "mouseai-supabase-mcp",
      "version": "1.0.0",
      "dependencies": {
        "@supabase/mcp-server-supabase": "0.13.0"
      }
    },
    "node_modules/@hono/node-server": {
      "version": "1.19.17",
      "resolved": "https://registry.npmjs.org/@hono/node-server/-/node-server-1.19.17.tgz",
      "integrity": "sha512-dSneS5qhiauZWGDCeK4o695Xd9nUNjviSZCMQrj10eetr8Uln1ucn6bbphOM6UynAMMtNIzZNSpL9vnASJwrPQ==",
      "license": "MIT",
      "engines": {
        "node": ">=18.14.1"
      },
      "peerDependencies": {
        "hono": "^4"
      }
    },
    "node_modules/@mjackson/headers": {
      "version": "0.11.1",
      "resolved": "https://registry.npmjs.org/@mjackson/headers/-/headers-0.11.1.tgz",
      "integrity": "sha512-uXXhd4rtDdDwkqAuGef1nuafkCa1NlTmEc1Jzc0NL4YiA1yON1NFXuqJ3hOuKvNKQwkiDwdD+JJlKVyz4dunFA==",
      "license": "MIT"
    },
    "node_modules/@mjackson/multipart-parser": {
      "version": "0.10.1",
      "resolved": "https://registry.npmjs.org/@mjackson/multipart-parser/-/multipart-parser-0.10.1.tgz",
      "integrity": "sha512-cHMD6+ErH/DrEfC0N6Ru/+1eAdavxdV0C35PzSb5/SD7z3XoaDMc16xPJcb8CahWjSpqHY+Too9sAb6/UNuq7A==",
      "license": "MIT",
      "dependencies": {
        "@mjackson/headers": "^0.11.1"
      }
    },
    "node_modules/@modelcontextprotocol/core": {
      "version": "2.3.0",
      "resolved": "https://registry.npmjs.org/@modelcontextprotocol/core/-/core-2.3.0.tgz",
      "integrity": "sha512-09BHFaNVBe5pB2AhzCfLj0cqmsKLERvZQ4FblzP90UMGLaXVqdZPByFjURwsUYCmxonUW2yAwgTTvle+8O2/8w==",
      "license": "Apache-2.0",
      "peer": true,
      "dependencies": {
        "zod": "^4.2.0"
      },
      "engines": {
        "node": ">=20"
      }
    },
    "node_modules/@modelcontextprotocol/node": {
      "version": "2.1.1",
      "resolved": "https://registry.npmjs.org/@modelcontextprotocol/node/-/node-2.1.1.tgz",
      "integrity": "sha512-EY92OAXN2xYL7tNS/MVsWJW1v8VHAPwl9B4Ca3pCrjmvqyC+S1C/6UHsMxF2GoFPraS5Yyg56vFz9brVpFojMA==",
      "license": "Apache-2.0",
      "dependencies": {
        "@hono/node-server": "^1.19.9",
        "hono": "^4.11.4"
      },
      "engines": {
        "node": ">=20"
      },
      "peerDependencies": {
        "@modelcontextprotocol/server": "^2.3.0"
      }
    },
    "node_modules/@modelcontextprotocol/server": {
      "version": "2.3.0",
      "resolved": "https://registry.npmjs.org/@modelcontextprotocol/server/-/server-2.3.0.tgz",
      "integrity": "sha512-+6b0LdsQLmHsvS7J6sQJ4weTpzUn61fU1JKS+321/+IyDYoHW5CR2Tgqcs6GgAAQvlesCo6yX3xttgmx+XGtJw==",
      "license": "Apache-2.0",
      "peer": true,
      "dependencies": {
        "@modelcontextprotocol/core": "2.3.0",
        "zod": "^4.2.0"
      },
      "engines": {
        "node": ">=20"
      }
    },
    "node_modules/@supabase/mcp-server-supabase": {
      "version": "0.13.0",
      "resolved": "https://registry.npmjs.org/@supabase/mcp-server-supabase/-/mcp-server-supabase-0.13.0.tgz",
      "integrity": "sha512-TUzlt0x9eADZgUOz/5wWk95i5GVf1QSnIwYX0jmasNNmoqPxEkAgO/kg8aAQTqmYZx/OPlVlaX3Er5v/le1z2g==",
      "license": "Apache-2.0",
      "dependencies": {
        "@mjackson/multipart-parser": "^0.10.1",
        "@modelcontextprotocol/node": "^2.0.0",
        "@supabase/mcp-utils": "^0.8.0",
        "common-tags": "^1.8.2",
        "gqlmin": "^0.3.1",
        "graphql": "^16.11.0",
        "openapi-fetch": "^0.13.5"
      },
      "bin": {
        "mcp-server-supabase": "dist/cli.js"
      },
      "peerDependencies": {
        "@modelcontextprotocol/server": "^2.0.0",
        "zod": "^3.25.0 || ^4.0.0"
      }
    },
    "node_modules/@supabase/mcp-utils": {
      "version": "0.8.0",
      "resolved": "https://registry.npmjs.org/@supabase/mcp-utils/-/mcp-utils-0.8.0.tgz",
      "integrity": "sha512-T3PpwysWEFBuvD7TMekFSv7xLqO6DjoUUh2ZHojyRdJD7UNaydffJx8ZGoUW2Ju9NOf5ffomfuzreioJUTFFcQ==",
      "license": "Apache-2.0",
      "peerDependencies": {
        "@modelcontextprotocol/server": "^2.0.0",
        "zod": "^3.25.0 || ^4.0.0"
      }
    },
    "node_modules/@types/moo": {
      "version": "0.5.10",
      "resolved": "https://registry.npmjs.org/@types/moo/-/moo-0.5.10.tgz",
      "integrity": "sha512-W6KzyZjXUYpwQfLK1O1UDzqcqYlul+lO7Bt71luyIIyNlOZwJaNeWWdqFs1C/f2hohZvUFHMk6oFNe9Rg48DbA==",
      "license": "MIT"
    },
    "node_modules/common-tags": {
      "version": "1.8.2",
      "resolved": "https://registry.npmjs.org/common-tags/-/common-tags-1.8.2.tgz",
      "integrity": "sha512-gk/Z852D2Wtb//0I+kRFNKKE9dIIVirjoqPoA1wJU+XePVXZfGeBpk45+A1rKO4Q43prqWBNY/MiIeRLbPWUaA==",
      "license": "MIT",
      "engines": {
        "node": ">=4.0.0"
      }
    },
    "node_modules/gqlmin": {
      "version": "0.3.2",
      "resolved": "https://registry.npmjs.org/gqlmin/-/gqlmin-0.3.2.tgz",
      "integrity": "sha512-Tr9+w93PY/okoCkiOrLPn4jvV5OnHdQujv5r/CQUvl9tTWl5vq+tw1oOa1XvsZSdl5yKj5qlAh9oCY0e+dQNTw==",
      "license": "MIT",
      "dependencies": {
        "@types/moo": "^0.5.10",
        "moo": "^0.5.3"
      },
      "bin": {
        "gqlmin": "bin/cli.js"
      }
    },
    "node_modules/graphql": {
      "version": "16.14.2",
      "resolved": "https://registry.npmjs.org/graphql/-/graphql-16.14.2.tgz",
      "integrity": "sha512-Chq1s4CY7jmh8gO2qvLIJyfCDIN+EHLFW/9iShnp1z8FjBQMoodWP1kDC36VAMXXIvAjj4ARa7ntfAV2BrjsbA==",
      "license": "MIT",
      "engines": {
        "node": "^12.22.0 || ^14.16.0 || ^16.0.0 || >=17.0.0"
      }
    },
    "node_modules/hono": {
      "version": "4.13.13",
      "resolved": "https://registry.npmjs.org/hono/-/hono-4.13.13.tgz",
      "integrity": "sha512-CQ46U0ZkAGmbT/4UxdzzGJpacP2IeKgY4a5/tOI9AABbpOMfK739wfDXmv1usCk+3RkKj1hQy4/fjhiwa2xlrA==",
      "license": "MIT",
      "engines": {
        "node": ">=16.9.0"
      }
    },
    "node_modules/moo": {
      "version": "0.5.3",
      "resolved": "https://registry.npmjs.org/moo/-/moo-0.5.3.tgz",
      "integrity": "sha512-m2fmM2dDm7GZQsY7KK2cme8agi+AAljILjQnof7p1ZMDe6dQ4bdnSMx0cPppudoeNv5hEFQirN6u+O4fDE0IWA==",
      "license": "BSD-3-Clause"
    },
    "node_modules/openapi-fetch": {
      "version": "0.13.8",
      "resolved": "https://registry.npmjs.org/openapi-fetch/-/openapi-fetch-0.13.8.tgz",
      "integrity": "sha512-yJ4QKRyNxE44baQ9mY5+r/kAzZ8yXMemtNAOFwOzRXJscdjSxxzWSNlyBAr+o5JjkUw9Lc3W7OIoca0cY3PYnQ==",
      "license": "MIT",
      "dependencies": {
        "openapi-typescript-helpers": "^0.0.15"
      }
    },
    "node_modules/openapi-typescript-helpers": {
      "version": "0.0.15",
      "resolved": "https://registry.npmjs.org/openapi-typescript-helpers/-/openapi-typescript-helpers-0.0.15.tgz",
      "integrity": "sha512-opyTPaunsklCBpTK8JGef6mfPhLSnyy5a0IN9vKtx3+4aExf+KxEqYwIy3hqkedXIB97u357uLMJsOnm3GVjsw==",
      "license": "MIT"
    },
    "node_modules/zod": {
      "version": "4.6.5",
      "resolved": "https://registry.npmjs.org/zod/-/zod-4.6.5.tgz",
      "integrity": "sha512-v5l/aFXZQeai4awLbOpSoHecE9UiMrnfx75tEXLjNonXVARxQ5mOeipTjROUchszUNCqnE+hqAMujRsRHsut2Q==",
      "license": "MIT",
      "peer": true,
      "funding": {
        "url": "https://github.com/sponsors/colinhacks"
      }
    }
  }
}
